
Microsoft Visual Studio Solution File, Format Version 12.00
# Visual Studio Version 16
VisualStudioVersion = 16.0.31729.503
MinimumVisualStudioVersion = 10.0.40219.1
Project("{FAE04EC0-301F-11D3-BF4B-00C04F79EFBC}") = "Sample202", "Sample202\Sample202.csproj", "{C9E3E2E8-FA51-477F-B51A-99BDF4F68460}"
EndProject
Global
	GlobalSection(SolutionConfigurationPlatforms) = preSolution
		Debug|Any CPU = Debug|Any CPU
		Release|Any CPU = Release|Any CPU
	EndGlobalSection
	GlobalSection(ProjectConfigurationPlatforms) = postSolution
		{C9E3E2E8-FA51-477F-B51A-99BDF4F68460}.Debug|Any CPU.ActiveCfg = Debug|Any CPU
		{C9E3E2E8-FA51-477F-B51A-99BDF4F68460}.Debug|Any CPU.Build.0 = Debug|Any CPU
		{C9E3E2E8-FA51-477F-B51A-99BDF4F68460}.Release|Any CPU.ActiveCfg = Release|Any CPU
		{C9E3E2E8-FA51-477F-B51A-99BDF4F68460}.Release|Any CPU.Build.0 = Release|Any CPU
	EndGlobalSection
	GlobalSection(SolutionProperties) = preSolution
		HideSolutionNode = FALSE
	EndGlobalSection
	GlobalSection(ExtensibilityGlobals) = postSolution
		SolutionGuid = {E1C9F93F-60EA-43A1-AE2C-4543623517E7}
	EndGlobalSection
EndGlobal
