
Microsoft Visual Studio Solution File, Format Version 12.00
# Visual Studio Version 16
VisualStudioVersion = 16.0.31729.503
MinimumVisualStudioVersion = 10.0.40219.1
Project("{FAE04EC0-301F-11D3-BF4B-00C04F79EFBC}") = "Inheritance", "Inheritance\Inheritance.csproj", "{44B8CC2C-E5F9-4732-B9D1-E4BD644D98F8}"
EndProject
Global
	GlobalSection(SolutionConfigurationPlatforms) = preSolution
		Debug|Any CPU = Debug|Any CPU
		Release|Any CPU = Release|Any CPU
	EndGlobalSection
	GlobalSection(ProjectConfigurationPlatforms) = postSolution
		{44B8CC2C-E5F9-4732-B9D1-E4BD644D98F8}.Debug|Any CPU.ActiveCfg = Debug|Any CPU
		{44B8CC2C-E5F9-4732-B9D1-E4BD644D98F8}.Debug|Any CPU.Build.0 = Debug|Any CPU
		{44B8CC2C-E5F9-4732-B9D1-E4BD644D98F8}.Release|Any CPU.ActiveCfg = Release|Any CPU
		{44B8CC2C-E5F9-4732-B9D1-E4BD644D98F8}.Release|Any CPU.Build.0 = Release|Any CPU
	EndGlobalSection
	GlobalSection(SolutionProperties) = preSolution
		HideSolutionNode = FALSE
	EndGlobalSection
	GlobalSection(ExtensibilityGlobals) = postSolution
		SolutionGuid = {B2CA8F64-6410-47F9-9505-34C87544D0BA}
	EndGlobalSection
EndGlobal
