
Microsoft Visual Studio Solution File, Format Version 12.00
# Visual Studio Version 16
VisualStudioVersion = 16.0.31729.503
MinimumVisualStudioVersion = 10.0.40219.1
Project("{FAE04EC0-301F-11D3-BF4B-00C04F79EFBC}") = "Collection", "Collection\Collection.csproj", "{ED71AFE9-52C0-47D0-9453-A9F11AF1E291}"
EndProject
Global
	GlobalSection(SolutionConfigurationPlatforms) = preSolution
		Debug|Any CPU = Debug|Any CPU
		Release|Any CPU = Release|Any CPU
	EndGlobalSection
	GlobalSection(ProjectConfigurationPlatforms) = postSolution
		{ED71AFE9-52C0-47D0-9453-A9F11AF1E291}.Debug|Any CPU.ActiveCfg = Debug|Any CPU
		{ED71AFE9-52C0-47D0-9453-A9F11AF1E291}.Debug|Any CPU.Build.0 = Debug|Any CPU
		{ED71AFE9-52C0-47D0-9453-A9F11AF1E291}.Release|Any CPU.ActiveCfg = Release|Any CPU
		{ED71AFE9-52C0-47D0-9453-A9F11AF1E291}.Release|Any CPU.Build.0 = Release|Any CPU
	EndGlobalSection
	GlobalSection(SolutionProperties) = preSolution
		HideSolutionNode = FALSE
	EndGlobalSection
	GlobalSection(ExtensibilityGlobals) = postSolution
		SolutionGuid = {4C4A713F-E4E4-4973-8F84-73D2AAC962E2}
	EndGlobalSection
EndGlobal
