
Microsoft Visual Studio Solution File, Format Version 12.00
# Visual Studio Version 16
VisualStudioVersion = 16.0.31729.503
MinimumVisualStudioVersion = 10.0.40219.1
Project("{FAE04EC0-301F-11D3-BF4B-00C04F79EFBC}") = "配列", "配列\配列.csproj", "{6718CE3F-791E-4AB7-9937-75FD5B31A7CE}"
EndProject
Global
	GlobalSection(SolutionConfigurationPlatforms) = preSolution
		Debug|Any CPU = Debug|Any CPU
		Release|Any CPU = Release|Any CPU
	EndGlobalSection
	GlobalSection(ProjectConfigurationPlatforms) = postSolution
		{6718CE3F-791E-4AB7-9937-75FD5B31A7CE}.Debug|Any CPU.ActiveCfg = Debug|Any CPU
		{6718CE3F-791E-4AB7-9937-75FD5B31A7CE}.Debug|Any CPU.Build.0 = Debug|Any CPU
		{6718CE3F-791E-4AB7-9937-75FD5B31A7CE}.Release|Any CPU.ActiveCfg = Release|Any CPU
		{6718CE3F-791E-4AB7-9937-75FD5B31A7CE}.Release|Any CPU.Build.0 = Release|Any CPU
	EndGlobalSection
	GlobalSection(SolutionProperties) = preSolution
		HideSolutionNode = FALSE
	EndGlobalSection
	GlobalSection(ExtensibilityGlobals) = postSolution
		SolutionGuid = {2AF95C23-958C-4835-A772-C4B303EE2A55}
	EndGlobalSection
EndGlobal
