
Microsoft Visual Studio Solution File, Format Version 12.00
# Visual Studio Version 16
VisualStudioVersion = 16.0.31729.503
MinimumVisualStudioVersion = 10.0.40219.1
Project("{FAE04EC0-301F-11D3-BF4B-00C04F79EFBC}") = "Practice01", "Practice01\Practice01.csproj", "{ED6B3D3E-F961-4F9B-9313-08D8E0860572}"
EndProject
Global
	GlobalSection(SolutionConfigurationPlatforms) = preSolution
		Debug|Any CPU = Debug|Any CPU
		Release|Any CPU = Release|Any CPU
	EndGlobalSection
	GlobalSection(ProjectConfigurationPlatforms) = postSolution
		{ED6B3D3E-F961-4F9B-9313-08D8E0860572}.Debug|Any CPU.ActiveCfg = Debug|Any CPU
		{ED6B3D3E-F961-4F9B-9313-08D8E0860572}.Debug|Any CPU.Build.0 = Debug|Any CPU
		{ED6B3D3E-F961-4F9B-9313-08D8E0860572}.Release|Any CPU.ActiveCfg = Release|Any CPU
		{ED6B3D3E-F961-4F9B-9313-08D8E0860572}.Release|Any CPU.Build.0 = Release|Any CPU
	EndGlobalSection
	GlobalSection(SolutionProperties) = preSolution
		HideSolutionNode = FALSE
	EndGlobalSection
	GlobalSection(ExtensibilityGlobals) = postSolution
		SolutionGuid = {6AD86C20-43B0-42C1-9033-753A0F9EBA59}
	EndGlobalSection
EndGlobal
